{
  "name": "nodejs-microservice-example",
  "version": "1.0.0",
  "lockfileVersion": 1,
  "requires": true,
  "dependencies": {
    "@types/color-name": {
      "version": "1.1.1",
      "resolved": "https://registry.npmjs.org/@types/color-name/-/color-name-1.1.1.tgz",
      "integrity": "sha512-rr+OQyAjxze7GgWrSaJwydHStIhHq2lvY3BOC2Mj7KnzI7XK0Uw1TOOdI9lDoajEbSWLiYgoo4f1R51erQfhPQ==",
      "dev": true
    },
    "abstract-logging": {
      "version": "2.0.0",
      "resolved": "https://registry.npmjs.org/abstract-logging/-/abstract-logging-2.0.0.tgz",
      "integrity": "sha512-/oA9z7JszpIioo6J6dB79LVUgJ3eD3cxkAmdCkvWWS+Y9tPtALs1rLqOekLUXUbYqM2fB9TTK0ibAyZJJOP/CA=="
    },
    "ajv": {
      "version": "6.10.2",
      "resolved": "https://registry.npmjs.org/ajv/-/ajv-6.10.2.tgz",
      "integrity": "sha512-TXtUUEYHuaTEbLZWIKUr5pmBuhDLy+8KYtPYdcV8qC+pOZL+NKqYwvWSRrVXHn+ZmRRAu8vJTAznH7Oag6RVRw==",
      "requires": {
        "fast-deep-equal": "^2.0.1",
        "fast-json-stable-stringify": "^2.0.0",
        "json-schema-traverse": "^0.4.1",
        "uri-js": "^4.2.2"
      }
    },
    "ansi-regex": {
      "version": "3.0.0",
      "resolved": "https://registry.npmjs.org/ansi-regex/-/ansi-regex-3.0.0.tgz",
      "integrity": "sha1-7QMXwyIGT3lGbAKWa922Bas32Zg=",
      "dev": true
    },
    "ansi-styles": {
      "version": "4.2.0",
      "resolved": "https://registry.npmjs.org/ansi-styles/-/ansi-styles-4.2.0.tgz",
      "integrity": "sha512-7kFQgnEaMdRtwf6uSfUnVr9gSGC7faurn+J/Mv90/W+iTtN0405/nLdopfMWwchyxhbGYl6TC4Sccn9TUkGAgg==",
      "dev": true,
      "requires": {
        "@types/color-name": "^1.1.1",
        "color-convert": "^2.0.1"
      }
    },
    "archy": {
      "version": "1.0.0",
      "resolved": "https://registry.npmjs.org/archy/-/archy-1.0.0.tgz",
      "integrity": "sha1-+cjBN1fMHde8N5rHeyxipcKGjEA="
    },
    "asynckit": {
      "version": "0.4.0",
      "resolved": "https://registry.npmjs.org/asynckit/-/asynckit-0.4.0.tgz",
      "integrity": "sha1-x57Zf380y48robyXkLzDZkdLS3k=",
      "dev": true
    },
    "autocannon": {
      "version": "4.4.1",
      "resolved": "https://registry.npmjs.org/autocannon/-/autocannon-4.4.1.tgz",
      "integrity": "sha512-RUOguWCf40ulEY7grCcZoWQLirXC83MkkCnFN0P53HJ3GWC6iXG8ovtbVNYGXI8O8H7Qb/4KlEh9fk2c4LU2mQ==",
      "dev": true,
      "requires": {
        "chalk": "^3.0.0",
        "cli-table3": "^0.5.1",
        "clone": "^2.1.2",
        "color-support": "^1.1.1",
        "cross-argv": "^1.0.0",
        "form-data": "^2.5.1",
        "has-async-hooks": "^1.0.0",
        "hdr-histogram-js": "^1.1.4",
        "hdr-histogram-percentiles-obj": "^2.0.0",
        "http-parser-js": "^0.5.1",
        "hyperid": "^2.0.2",
        "manage-path": "^2.0.0",
        "minimist": "^1.2.0",
        "on-net-listen": "^1.1.1",
        "pretty-bytes": "^5.3.0",
        "progress": "^2.0.3",
        "reinterval": "^1.1.0",
        "retimer": "^2.0.0",
        "timestring": "^6.0.0"
      }
    },
    "avvio": {
      "version": "6.3.0",
      "resolved": "https://registry.npmjs.org/avvio/-/avvio-6.3.0.tgz",
      "integrity": "sha512-J91oN84XE6A0FCO+T4FXeKj1p7C25j+HeGCpbBzJaf5dQ/1tDnluFgKokq0TvC953yA730VhSWcbuDqncPv/5Q==",
      "requires": {
        "archy": "^1.0.0",
        "debug": "^4.0.0",
        "fastq": "^1.6.0"
      }
    },
    "base64-js": {
      "version": "1.3.1",
      "resolved": "https://registry.npmjs.org/base64-js/-/base64-js-1.3.1.tgz",
      "integrity": "sha512-mLQ4i2QO1ytvGWFWmcngKO//JXAQueZvwEKtjgQFM4jIK0kU+ytMfplL8j+n5mspOfjHwoAg+9yhb7BwAHm36g==",
      "dev": true
    },
    "buffer-equal-constant-time": {
      "version": "1.0.1",
      "resolved": "https://registry.npmjs.org/buffer-equal-constant-time/-/buffer-equal-constant-time-1.0.1.tgz",
      "integrity": "sha1-+OcRMvf/5uAaXJaXpMbz5I1cyBk="
    },
    "chalk": {
      "version": "3.0.0",
      "resolved": "https://registry.npmjs.org/chalk/-/chalk-3.0.0.tgz",
      "integrity": "sha512-4D3B6Wf41KOYRFdszmDqMCGq5VV/uMAB273JILmO+3jAlh8X4qDtdtgCR3fxtbLEMzSx22QdhnDcJvu2u1fVwg==",
      "dev": true,
      "requires": {
        "ansi-styles": "^4.1.0",
        "supports-color": "^7.1.0"
      }
    },
    "cli-table3": {
      "version": "0.5.1",
      "resolved": "https://registry.npmjs.org/cli-table3/-/cli-table3-0.5.1.tgz",
      "integrity": "sha512-7Qg2Jrep1S/+Q3EceiZtQcDPWxhAvBw+ERf1162v4sikJrvojMHFqXt8QIVha8UlH9rgU0BeWPytZ9/TzYqlUw==",
      "dev": true,
      "requires": {
        "colors": "^1.1.2",
        "object-assign": "^4.1.0",
        "string-width": "^2.1.1"
      }
    },
    "clone": {
      "version": "2.1.2",
      "resolved": "https://registry.npmjs.org/clone/-/clone-2.1.2.tgz",
      "integrity": "sha1-G39Ln1kfHo+DZwQBYANFoCiHQ18=",
      "dev": true
    },
    "color-convert": {
      "version": "2.0.1",
      "resolved": "https://registry.npmjs.org/color-convert/-/color-convert-2.0.1.tgz",
      "integrity": "sha512-RRECPsj7iu/xb5oKYcsFHSppFNnsj/52OVTRKb4zP5onXwVF3zVmmToNcOfGC+CRDpfK/U584fMg38ZHCaElKQ==",
      "dev": true,
      "requires": {
        "color-name": "~1.1.4"
      }
    },
    "color-name": {
      "version": "1.1.4",
      "resolved": "https://registry.npmjs.org/color-name/-/color-name-1.1.4.tgz",
      "integrity": "sha512-dOy+3AuW3a2wNbZHIuMZpTcgjGuLU/uBL/ubcZF9OXbDo8ff4O8yVp5Bf0efS8uEoYo5q4Fx7dY9OgQGXgAsQA==",
      "dev": true
    },
    "color-support": {
      "version": "1.1.3",
      "resolved": "https://registry.npmjs.org/color-support/-/color-support-1.1.3.tgz",
      "integrity": "sha512-qiBjkpbMLO/HL68y+lh4q0/O1MZFj2RX6X/KmMa3+gJD3z+WwI1ZzDHysvqHGS3mP6mznPckpXmw1nI9cJjyRg==",
      "dev": true
    },
    "colors": {
      "version": "1.4.0",
      "resolved": "https://registry.npmjs.org/colors/-/colors-1.4.0.tgz",
      "integrity": "sha512-a+UqTh4kgZg/SlGvfbzDHpgRu7AAQOmmqRHJnxhRZICKFUT91brVhNNt58CMWU9PsBbv3PDCZUHbVxuDiH2mtA==",
      "dev": true,
      "optional": true
    },
    "combined-stream": {
      "version": "1.0.8",
      "resolved": "https://registry.npmjs.org/combined-stream/-/combined-stream-1.0.8.tgz",
      "integrity": "sha512-FQN4MRfuJeHf7cBbBMJFXhKSDq+2kAArBlmRBvcvFE5BB1HZKXtSFASDhdlz9zOYwxh8lDdnvmMOe/+5cdoEdg==",
      "dev": true,
      "requires": {
        "delayed-stream": "~1.0.0"
      }
    },
    "cross-argv": {
      "version": "1.0.0",
      "resolved": "https://registry.npmjs.org/cross-argv/-/cross-argv-1.0.0.tgz",
      "integrity": "sha512-uAVe/bgNHlPdP1VE4Sk08u9pAJ7o1x/tVQtX77T5zlhYhuwOWtVkPBEtHdvF5cq48VzeCG5i1zN4dQc8pwLYrw==",
      "dev": true
    },
    "debug": {
      "version": "4.1.1",
      "resolved": "https://registry.npmjs.org/debug/-/debug-4.1.1.tgz",
      "integrity": "sha512-pYAIzeRo8J6KPEaJ0VWOh5Pzkbw/RetuzehGM7QRRX5he4fPHx2rdKMB256ehJCkX+XRQm16eZLqLNS8RSZXZw==",
      "requires": {
        "ms": "^2.1.1"
      }
    },
    "deepmerge": {
      "version": "4.2.2",
      "resolved": "https://registry.npmjs.org/deepmerge/-/deepmerge-4.2.2.tgz",
      "integrity": "sha512-FJ3UgI4gIl+PHZm53knsuSFpE+nESMr7M4v9QcgB7S63Kj/6WqMiFQJpBBYz1Pt+66bZpP3Q7Lye0Oo9MPKEdg=="
    },
    "delayed-stream": {
      "version": "1.0.0",
      "resolved": "https://registry.npmjs.org/delayed-stream/-/delayed-stream-1.0.0.tgz",
      "integrity": "sha1-3zrhmayt+31ECqrgsp4icrJOxhk=",
      "dev": true
    },
    "ecdsa-sig-formatter": {
      "version": "1.0.11",
      "resolved": "https://registry.npmjs.org/ecdsa-sig-formatter/-/ecdsa-sig-formatter-1.0.11.tgz",
      "integrity": "sha512-nagl3RYrbNv6kQkeJIpt6NJZy8twLB/2vtz6yN9Z4vRKHN4/QZJIEbqohALSgwKdnksuY3k5Addp5lg8sVoVcQ==",
      "requires": {
        "safe-buffer": "^5.0.1"
      }
    },
    "fast-decode-uri-component": {
      "version": "1.0.1",
      "resolved": "https://registry.npmjs.org/fast-decode-uri-component/-/fast-decode-uri-component-1.0.1.tgz",
      "integrity": "sha512-WKgKWg5eUxvRZGwW8FvfbaH7AXSh2cL+3j5fMGzUMCxWBJ3dV3a7Wz8y2f/uQ0e3B6WmodD3oS54jTQ9HVTIIg=="
    },
    "fast-deep-equal": {
      "version": "2.0.1",
      "resolved": "https://registry.npmjs.org/fast-deep-equal/-/fast-deep-equal-2.0.1.tgz",
      "integrity": "sha1-ewUhjd+WZ79/Nwv3/bLLFf3Qqkk="
    },
    "fast-json-stable-stringify": {
      "version": "2.1.0",
      "resolved": "https://registry.npmjs.org/fast-json-stable-stringify/-/fast-json-stable-stringify-2.1.0.tgz",
      "integrity": "sha512-lhd/wF+Lk98HZoTCtlVraHtfh5XYijIjalXck7saUtuanSDyLMxnHhSXEDJqHxD7msR8D0uCmqlkwjCV8xvwHw=="
    },
    "fast-json-stringify": {
      "version": "1.16.0",
      "resolved": "https://registry.npmjs.org/fast-json-stringify/-/fast-json-stringify-1.16.0.tgz",
      "integrity": "sha512-K06RTF3YV0gUAfUpwZ4m62CjI4NvV+0/eSz0YVmSKZHEDCgxNYBGI7weZdGZJFBjdZky1Tk5YTev2qLtKGGbzw==",
      "requires": {
        "ajv": "^6.10.2",
        "deepmerge": "^4.0.0"
      }
    },
    "fast-redact": {
      "version": "2.0.0",
      "resolved": "https://registry.npmjs.org/fast-redact/-/fast-redact-2.0.0.tgz",
      "integrity": "sha512-zxpkULI9W9MNTK2sJ3BpPQrTEXFNESd2X6O1tXMFpK/XM0G5c5Rll2EVYZH2TqI3xRGK/VaJ+eEOt7pnENJpeA=="
    },
    "fast-safe-stringify": {
      "version": "2.0.7",
      "resolved": "https://registry.npmjs.org/fast-safe-stringify/-/fast-safe-stringify-2.0.7.tgz",
      "integrity": "sha512-Utm6CdzT+6xsDk2m8S6uL8VHxNwI6Jub+e9NYTcAms28T84pTa25GJQV9j0CY0N1rM8hK4x6grpF2BQf+2qwVA=="
    },
    "fastify": {
      "version": "2.11.0",
      "resolved": "https://registry.npmjs.org/fastify/-/fastify-2.11.0.tgz",
      "integrity": "sha512-IoYht8U19KhOtvpFCgwpsu6BDywCk32bfzoGfzgdkEvEYkdcpiwTUIlxSVNaArYF4MPDzpA2q8V7nPHu23OQBQ==",
      "requires": {
        "abstract-logging": "^2.0.0",
        "ajv": "^6.10.2",
        "avvio": "^6.2.2",
        "fast-json-stringify": "^1.15.7",
        "find-my-way": "^2.2.0",
        "flatstr": "^1.0.12",
        "light-my-request": "^3.6.2",
        "middie": "^4.1.0",
        "pino": "^5.14.0",
        "proxy-addr": "^2.0.4",
        "readable-stream": "^3.1.1",
        "rfdc": "^1.1.2",
        "secure-json-parse": "^2.0.0",
        "tiny-lru": "^7.0.2"
      }
    },
    "fastq": {
      "version": "1.6.0",
      "resolved": "https://registry.npmjs.org/fastq/-/fastq-1.6.0.tgz",
      "integrity": "sha512-jmxqQ3Z/nXoeyDmWAzF9kH1aGZSis6e/SbfPmJpUnyZ0ogr6iscHQaml4wsEepEWSdtmpy+eVXmCRIMpxaXqOA==",
      "requires": {
        "reusify": "^1.0.0"
      }
    },
    "find-my-way": {
      "version": "2.2.1",
      "resolved": "https://registry.npmjs.org/find-my-way/-/find-my-way-2.2.1.tgz",
      "integrity": "sha512-pzZA9/PlhDGG5PRzmd4vH4AbKW7FO68RE7q2I3NzjJHcVPukYbDA7bPdArg7ySKfS6pKki+qhrawFoN6aNZfjA==",
      "requires": {
        "fast-decode-uri-component": "^1.0.0",
        "safe-regex2": "^2.0.0",
        "semver-store": "^0.3.0"
      }
    },
    "flatstr": {
      "version": "1.0.12",
      "resolved": "https://registry.npmjs.org/flatstr/-/flatstr-1.0.12.tgz",
      "integrity": "sha512-4zPxDyhCyiN2wIAtSLI6gc82/EjqZc1onI4Mz/l0pWrAlsSfYH/2ZIcU+e3oA2wDwbzIWNKwa23F8rh6+DRWkw=="
    },
    "form-data": {
      "version": "2.5.1",
      "resolved": "https://registry.npmjs.org/form-data/-/form-data-2.5.1.tgz",
      "integrity": "sha512-m21N3WOmEEURgk6B9GLOE4RuWOFf28Lhh9qGYeNlGq4VDXUlJy2th2slBNU8Gp8EzloYZOibZJ7t5ecIrFSjVA==",
      "dev": true,
      "requires": {
        "asynckit": "^0.4.0",
        "combined-stream": "^1.0.6",
        "mime-types": "^2.1.12"
      }
    },
    "forwarded": {
      "version": "0.1.2",
      "resolved": "https://registry.npmjs.org/forwarded/-/forwarded-0.1.2.tgz",
      "integrity": "sha1-mMI9qxF1ZXuMBXPozszZGw/xjIQ="
    },
    "has-async-hooks": {
      "version": "1.0.0",
      "resolved": "https://registry.npmjs.org/has-async-hooks/-/has-async-hooks-1.0.0.tgz",
      "integrity": "sha512-YF0VPGjkxr7AyyQQNykX8zK4PvtEDsUJAPqwu06UFz1lb6EvI53sPh5H1kWxg8NXI5LsfRCZ8uX9NkYDZBb/mw==",
      "dev": true
    },
    "has-flag": {
      "version": "4.0.0",
      "resolved": "https://registry.npmjs.org/has-flag/-/has-flag-4.0.0.tgz",
      "integrity": "sha512-EykJT/Q1KjTWctppgIAgfSO0tKVuZUjhgMr17kqTumMl6Afv3EISleU7qZUzoXDFTAHTDC4NOoG/ZxU3EvlMPQ==",
      "dev": true
    },
    "hdr-histogram-js": {
      "version": "1.1.4",
      "resolved": "https://registry.npmjs.org/hdr-histogram-js/-/hdr-histogram-js-1.1.4.tgz",
      "integrity": "sha1-dBNAJdGuHP711/ESfrdWDeKgp3M=",
      "dev": true,
      "requires": {
        "base64-js": "^1.2.0",
        "pako": "^1.0.3"
      }
    },
    "hdr-histogram-percentiles-obj": {
      "version": "2.0.1",
      "resolved": "https://registry.npmjs.org/hdr-histogram-percentiles-obj/-/hdr-histogram-percentiles-obj-2.0.1.tgz",
      "integrity": "sha512-QBvbTxPlGwHj36IRF16XLoYEbUv5YEyO385kiS0IS3831fcSTNXTR785VtFFZ2ahY733z0ky8Jv4d6In+Ss+wQ==",
      "dev": true,
      "requires": {
        "hdr-histogram-js": "^1.0.0"
      }
    },
    "http-parser-js": {
      "version": "0.5.2",
      "resolved": "https://registry.npmjs.org/http-parser-js/-/http-parser-js-0.5.2.tgz",
      "integrity": "sha512-opCO9ASqg5Wy2FNo7A0sxy71yGbbkJJXLdgMK04Tcypw9jr2MgWbyubb0+WdmDmGnFflO7fRbqbaihh/ENDlRQ==",
      "dev": true
    },
    "hyperid": {
      "version": "2.0.2",
      "resolved": "https://registry.npmjs.org/hyperid/-/hyperid-2.0.2.tgz",
      "integrity": "sha512-D4krJfLyXZTZZibL5CEUJzyL001ah1TOK+5wlsra9eMnb0RtMZcBRkblxVRDwzB9VIm9PKXJ4zZtAisFCKuuKQ==",
      "dev": true,
      "requires": {
        "uuid": "^3.3.2",
        "uuid-parse": "^1.0.0"
      }
    },
    "inherits": {
      "version": "2.0.4",
      "resolved": "https://registry.npmjs.org/inherits/-/inherits-2.0.4.tgz",
      "integrity": "sha512-k/vGaX4/Yla3WzyMCvTQOXYeIHvqOKtnqBduzTHpzpQZzAskKMhZ2K+EnBiSM9zGSoIFeMpXKxa4dYeZIQqewQ=="
    },
    "ipaddr.js": {
      "version": "1.9.0",
      "resolved": "https://registry.npmjs.org/ipaddr.js/-/ipaddr.js-1.9.0.tgz",
      "integrity": "sha512-M4Sjn6N/+O6/IXSJseKqHoFc+5FdGJ22sXqnjTpdZweHK64MzEPAyQZyEU3R/KRv2GLoa7nNtg/C2Ev6m7z+eA=="
    },
    "is-fullwidth-code-point": {
      "version": "2.0.0",
      "resolved": "https://registry.npmjs.org/is-fullwidth-code-point/-/is-fullwidth-code-point-2.0.0.tgz",
      "integrity": "sha1-o7MKXE8ZkYMWeqq5O+764937ZU8=",
      "dev": true
    },
    "json-schema-traverse": {
      "version": "0.4.1",
      "resolved": "https://registry.npmjs.org/json-schema-traverse/-/json-schema-traverse-0.4.1.tgz",
      "integrity": "sha512-xbbCH5dCYU5T8LcEhhuh7HJ88HXuW3qsI3Y0zOZFKfZEHcpWiHU/Jxzk629Brsab/mMiHQti9wMP+845RPe3Vg=="
    },
    "jsonwebtoken": {
      "version": "8.5.1",
      "resolved": "https://registry.npmjs.org/jsonwebtoken/-/jsonwebtoken-8.5.1.tgz",
      "integrity": "sha512-XjwVfRS6jTMsqYs0EsuJ4LGxXV14zQybNd4L2r0UvbVnSF9Af8x7p5MzbJ90Ioz/9TI41/hTCvznF/loiSzn8w==",
      "requires": {
        "jws": "^3.2.2",
        "lodash.includes": "^4.3.0",
        "lodash.isboolean": "^3.0.3",
        "lodash.isinteger": "^4.0.4",
        "lodash.isnumber": "^3.0.3",
        "lodash.isplainobject": "^4.0.6",
        "lodash.isstring": "^4.0.1",
        "lodash.once": "^4.0.0",
        "ms": "^2.1.1",
        "semver": "^5.6.0"
      }
    },
    "jwa": {
      "version": "1.4.1",
      "resolved": "https://registry.npmjs.org/jwa/-/jwa-1.4.1.tgz",
      "integrity": "sha512-qiLX/xhEEFKUAJ6FiBMbes3w9ATzyk5W7Hvzpa/SLYdxNtng+gcurvrI7TbACjIXlsJyr05/S1oUhZrc63evQA==",
      "requires": {
        "buffer-equal-constant-time": "1.0.1",
        "ecdsa-sig-formatter": "1.0.11",
        "safe-buffer": "^5.0.1"
      }
    },
    "jws": {
      "version": "3.2.2",
      "resolved": "https://registry.npmjs.org/jws/-/jws-3.2.2.tgz",
      "integrity": "sha512-YHlZCB6lMTllWDtSPHz/ZXTsi8S00usEV6v1tjq8tOUZzw7DpSDWVXjXDre6ed1w/pd495ODpHZYSdkRTsa0HA==",
      "requires": {
        "jwa": "^1.4.1",
        "safe-buffer": "^5.0.1"
      }
    },
    "light-my-request": {
      "version": "3.6.2",
      "resolved": "https://registry.npmjs.org/light-my-request/-/light-my-request-3.6.2.tgz",
      "integrity": "sha512-xg51G/FOoajQqmVbrH8WmocL3gjznIf79rMcCiaxT+lypwaXTvWyCZY2YkOwesqkS3mDlApgnHzVcqvIsc7YOQ==",
      "requires": {
        "ajv": "^6.10.2",
        "readable-stream": "^3.4.0"
      }
    },
    "lodash.includes": {
      "version": "4.3.0",
      "resolved": "https://registry.npmjs.org/lodash.includes/-/lodash.includes-4.3.0.tgz",
      "integrity": "sha1-YLuYqHy5I8aMoeUTJUgzFISfVT8="
    },
    "lodash.isboolean": {
      "version": "3.0.3",
      "resolved": "https://registry.npmjs.org/lodash.isboolean/-/lodash.isboolean-3.0.3.tgz",
      "integrity": "sha1-bC4XHbKiV82WgC/UOwGyDV9YcPY="
    },
    "lodash.isinteger": {
      "version": "4.0.4",
      "resolved": "https://registry.npmjs.org/lodash.isinteger/-/lodash.isinteger-4.0.4.tgz",
      "integrity": "sha1-YZwK89A/iwTDH1iChAt3sRzWg0M="
    },
    "lodash.isnumber": {
      "version": "3.0.3",
      "resolved": "https://registry.npmjs.org/lodash.isnumber/-/lodash.isnumber-3.0.3.tgz",
      "integrity": "sha1-POdoEMWSjQM1IwGsKHMX8RwLH/w="
    },
    "lodash.isplainobject": {
      "version": "4.0.6",
      "resolved": "https://registry.npmjs.org/lodash.isplainobject/-/lodash.isplainobject-4.0.6.tgz",
      "integrity": "sha1-fFJqUtibRcRcxpC4gWO+BJf1UMs="
    },
    "lodash.isstring": {
      "version": "4.0.1",
      "resolved": "https://registry.npmjs.org/lodash.isstring/-/lodash.isstring-4.0.1.tgz",
      "integrity": "sha1-1SfftUVuynzJu5XV2ur4i6VKVFE="
    },
    "lodash.once": {
      "version": "4.1.1",
      "resolved": "https://registry.npmjs.org/lodash.once/-/lodash.once-4.1.1.tgz",
      "integrity": "sha1-DdOXEhPHxW34gJd9UEyI+0cal6w="
    },
    "manage-path": {
      "version": "2.0.0",
      "resolved": "https://registry.npmjs.org/manage-path/-/manage-path-2.0.0.tgz",
      "integrity": "sha1-9M+EV7km7u4qg7FzUBQUvHbrlZc=",
      "dev": true
    },
    "middie": {
      "version": "4.1.0",
      "resolved": "https://registry.npmjs.org/middie/-/middie-4.1.0.tgz",
      "integrity": "sha512-eylPpZA+K3xO9kpDjagoPkEUkNcWV3EAo5OEz0MqsekUpT7KbnQkk8HNZkh4phx2vvOAmNNZuLRWF9lDDHPpVQ==",
      "requires": {
        "path-to-regexp": "^4.0.0",
        "reusify": "^1.0.2"
      }
    },
    "mime-db": {
      "version": "1.42.0",
      "resolved": "https://registry.npmjs.org/mime-db/-/mime-db-1.42.0.tgz",
      "integrity": "sha512-UbfJCR4UAVRNgMpfImz05smAXK7+c+ZntjaA26ANtkXLlOe947Aag5zdIcKQULAiF9Cq4WxBi9jUs5zkA84bYQ==",
      "dev": true
    },
    "mime-types": {
      "version": "2.1.25",
      "resolved": "https://registry.npmjs.org/mime-types/-/mime-types-2.1.25.tgz",
      "integrity": "sha512-5KhStqB5xpTAeGqKBAMgwaYMnQik7teQN4IAzC7npDv6kzeU6prfkR67bc87J1kWMPGkoaZSq1npmexMgkmEVg==",
      "dev": true,
      "requires": {
        "mime-db": "1.42.0"
      }
    },
    "minimist": {
      "version": "1.2.5",
      "resolved": "https://registry.npmjs.org/minimist/-/minimist-1.2.5.tgz",
      "integrity": "sha512-FM9nNUYrRBAELZQT3xeZQ7fmMOBg6nWNmJKTcgsJeaLstP/UODVpGsr5OhXhhXg6f+qtJ8uiZ+PUxkDWcgIXLw==",
      "dev": true
    },
    "ms": {
      "version": "2.1.2",
      "resolved": "https://registry.npmjs.org/ms/-/ms-2.1.2.tgz",
      "integrity": "sha512-sGkPx+VjMtmA6MX27oA4FBFELFCZZ4S4XqeGOXCv68tT+jb3vk/RyaKWP0PTKyWtmLSM0b+adUTEvbs1PEaH2w=="
    },
    "object-assign": {
      "version": "4.1.1",
      "resolved": "https://registry.npmjs.org/object-assign/-/object-assign-4.1.1.tgz",
      "integrity": "sha1-IQmtx5ZYh8/AXLvUQsrIv7s2CGM=",
      "dev": true
    },
    "on-net-listen": {
      "version": "1.1.2",
      "resolved": "https://registry.npmjs.org/on-net-listen/-/on-net-listen-1.1.2.tgz",
      "integrity": "sha512-y1HRYy8s/RlcBvDUwKXSmkODMdx4KSuIvloCnQYJ2LdBBC1asY4HtfhXwe3UWknLakATZDnbzht2Ijw3M1EqFg==",
      "dev": true
    },
    "pako": {
      "version": "1.0.10",
      "resolved": "https://registry.npmjs.org/pako/-/pako-1.0.10.tgz",
      "integrity": "sha512-0DTvPVU3ed8+HNXOu5Bs+o//Mbdj9VNQMUOe9oKCwh8l0GNwpTDMKCWbRjgtD291AWnkAgkqA/LOnQS8AmS1tw==",
      "dev": true
    },
    "path-to-regexp": {
      "version": "4.0.5",
      "resolved": "https://registry.npmjs.org/path-to-regexp/-/path-to-regexp-4.0.5.tgz",
      "integrity": "sha512-l+fTaGG2N9ZRpCEUj5fG1VKdDLaiqwCIvPngpnxzREhcdobhZC4ou4w984HBu72DqAJ5CfcdV6tjqNOunfpdsQ=="
    },
    "pino": {
      "version": "5.15.0",
      "resolved": "https://registry.npmjs.org/pino/-/pino-5.15.0.tgz",
      "integrity": "sha512-7+FXMTA3H3sNP5+2miY2K9JKnAAW5GKuhHfNWsukFCsPprGQY3ctqpwbV74wAHW3Nl93cEEQ1G82MgOLM8P7TQ==",
      "requires": {
        "fast-redact": "^2.0.0",
        "fast-safe-stringify": "^2.0.7",
        "flatstr": "^1.0.12",
        "pino-std-serializers": "^2.4.2",
        "quick-format-unescaped": "^3.0.3",
        "sonic-boom": "^0.7.5"
      }
    },
    "pino-std-serializers": {
      "version": "2.4.2",
      "resolved": "https://registry.npmjs.org/pino-std-serializers/-/pino-std-serializers-2.4.2.tgz",
      "integrity": "sha512-WaL504dO8eGs+vrK+j4BuQQq6GLKeCCcHaMB2ItygzVURcL1CycwNEUHTD/lHFHs/NL5qAz2UKrjYWXKSf4aMQ=="
    },
    "pretty-bytes": {
      "version": "5.3.0",
      "resolved": "https://registry.npmjs.org/pretty-bytes/-/pretty-bytes-5.3.0.tgz",
      "integrity": "sha512-hjGrh+P926p4R4WbaB6OckyRtO0F0/lQBiT+0gnxjV+5kjPBrfVBFCsCLbMqVQeydvIoouYTCmmEURiH3R1Bdg==",
      "dev": true
    },
    "progress": {
      "version": "2.0.3",
      "resolved": "https://registry.npmjs.org/progress/-/progress-2.0.3.tgz",
      "integrity": "sha512-7PiHtLll5LdnKIMw100I+8xJXR5gW2QwWYkT6iJva0bXitZKa/XMrSbdmg3r2Xnaidz9Qumd0VPaMrZlF9V9sA==",
      "dev": true
    },
    "proxy-addr": {
      "version": "2.0.5",
      "resolved": "https://registry.npmjs.org/proxy-addr/-/proxy-addr-2.0.5.tgz",
      "integrity": "sha512-t/7RxHXPH6cJtP0pRG6smSr9QJidhB+3kXu0KgXnbGYMgzEnUxRQ4/LDdfOwZEMyIh3/xHb8PX3t+lfL9z+YVQ==",
      "requires": {
        "forwarded": "~0.1.2",
        "ipaddr.js": "1.9.0"
      }
    },
    "punycode": {
      "version": "2.1.1",
      "resolved": "https://registry.npmjs.org/punycode/-/punycode-2.1.1.tgz",
      "integrity": "sha512-XRsRjdf+j5ml+y/6GKHPZbrF/8p2Yga0JPtdqTIY2Xe5ohJPD9saDJJLPvp9+NSBprVvevdXZybnj2cv8OEd0A=="
    },
    "quick-format-unescaped": {
      "version": "3.0.3",
      "resolved": "https://registry.npmjs.org/quick-format-unescaped/-/quick-format-unescaped-3.0.3.tgz",
      "integrity": "sha512-dy1yjycmn9blucmJLXOfZDx1ikZJUi6E8bBZLnhPG5gBrVhHXx2xVyqqgKBubVNEXmx51dBACMHpoMQK/N/AXQ=="
    },
    "readable-stream": {
      "version": "3.4.0",
      "resolved": "https://registry.npmjs.org/readable-stream/-/readable-stream-3.4.0.tgz",
      "integrity": "sha512-jItXPLmrSR8jmTRmRWJXCnGJsfy85mB3Wd/uINMXA65yrnFo0cPClFIUWzo2najVNSl+mx7/4W8ttlLWJe99pQ==",
      "requires": {
        "inherits": "^2.0.3",
        "string_decoder": "^1.1.1",
        "util-deprecate": "^1.0.1"
      }
    },
    "reinterval": {
      "version": "1.1.0",
      "resolved": "https://registry.npmjs.org/reinterval/-/reinterval-1.1.0.tgz",
      "integrity": "sha1-M2Hs+jymwYKDOA3Qu5VG85D17Oc=",
      "dev": true
    },
    "ret": {
      "version": "0.2.2",
      "resolved": "https://registry.npmjs.org/ret/-/ret-0.2.2.tgz",
      "integrity": "sha512-M0b3YWQs7R3Z917WRQy1HHA7Ba7D8hvZg6UE5mLykJxQVE2ju0IXbGlaHPPlkY+WN7wFP+wUMXmBFA0aV6vYGQ=="
    },
    "retimer": {
      "version": "2.0.0",
      "resolved": "https://registry.npmjs.org/retimer/-/retimer-2.0.0.tgz",
      "integrity": "sha512-KLXY85WkEq2V2bKex/LOO1ViXVn2KGYe4PYysAdYdjmraYIUsVkXu8O4am+8+5UbaaGl1qho4aqAAPHNQ4GSbg==",
      "dev": true
    },
    "reusify": {
      "version": "1.0.4",
      "resolved": "https://registry.npmjs.org/reusify/-/reusify-1.0.4.tgz",
      "integrity": "sha512-U9nH88a3fc/ekCF1l0/UP1IosiuIjyTh7hBvXVMHYgVcfGvt897Xguj2UOLDeI5BG2m7/uwyaLVT6fbtCwTyzw=="
    },
    "rfdc": {
      "version": "1.1.4",
      "resolved": "https://registry.npmjs.org/rfdc/-/rfdc-1.1.4.tgz",
      "integrity": "sha512-5C9HXdzK8EAqN7JDif30jqsBzavB7wLpaubisuQIGHWf2gUXSpzy6ArX/+Da8RjFpagWsCn+pIgxTMAmKw9Zug=="
    },
    "safe-buffer": {
      "version": "5.2.0",
      "resolved": "https://registry.npmjs.org/safe-buffer/-/safe-buffer-5.2.0.tgz",
      "integrity": "sha512-fZEwUGbVl7kouZs1jCdMLdt95hdIv0ZeHg6L7qPeciMZhZ+/gdesW4wgTARkrFWEpspjEATAzUGPG8N2jJiwbg=="
    },
    "safe-regex2": {
      "version": "2.0.0",
      "resolved": "https://registry.npmjs.org/safe-regex2/-/safe-regex2-2.0.0.tgz",
      "integrity": "sha512-PaUSFsUaNNuKwkBijoAPHAK6/eM6VirvyPWlZ7BAQy4D+hCvh4B6lIG+nPdhbFfIbP+gTGBcrdsOaUs0F+ZBOQ==",
      "requires": {
        "ret": "~0.2.0"
      }
    },
    "secure-json-parse": {
      "version": "2.0.0",
      "resolved": "https://registry.npmjs.org/secure-json-parse/-/secure-json-parse-2.0.0.tgz",
      "integrity": "sha512-5m06oylEcPAmFerbz1zu7yEPo0Gk/zJbPn/HGw0b1orz1xCON+C3dHgRzZ/u2ZIA8Pc7mfmDJIyprIvdJ79JkA=="
    },
    "semver": {
      "version": "5.7.1",
      "resolved": "https://registry.npmjs.org/semver/-/semver-5.7.1.tgz",
      "integrity": "sha512-sauaDf/PZdVgrLTNYHRtpXa1iRiKcaebiKQ1BJdpQlWH2lCvexQdX55snPFyK7QzpudqbCI0qXFfOasHdyNDGQ=="
    },
    "semver-store": {
      "version": "0.3.0",
      "resolved": "https://registry.npmjs.org/semver-store/-/semver-store-0.3.0.tgz",
      "integrity": "sha512-TcZvGMMy9vodEFSse30lWinkj+JgOBvPn8wRItpQRSayhc+4ssDs335uklkfvQQJgL/WvmHLVj4Ycv2s7QCQMg=="
    },
    "sonic-boom": {
      "version": "0.7.6",
      "resolved": "https://registry.npmjs.org/sonic-boom/-/sonic-boom-0.7.6.tgz",
      "integrity": "sha512-k9E2QQ4zxuVRLDW+ZW6ISzJs3wlEorVdmM7ApDgor7wsGKSDG5YGHsGmgLY4XYh4DMlr/2ap2BWAE7yTFJtWnQ==",
      "requires": {
        "flatstr": "^1.0.12"
      }
    },
    "string-width": {
      "version": "2.1.1",
      "resolved": "https://registry.npmjs.org/string-width/-/string-width-2.1.1.tgz",
      "integrity": "sha512-nOqH59deCq9SRHlxq1Aw85Jnt4w6KvLKqWVik6oA9ZklXLNIOlqg4F2yrT1MVaTjAqvVwdfeZ7w7aCvJD7ugkw==",
      "dev": true,
      "requires": {
        "is-fullwidth-code-point": "^2.0.0",
        "strip-ansi": "^4.0.0"
      }
    },
    "string_decoder": {
      "version": "1.3.0",
      "resolved": "https://registry.npmjs.org/string_decoder/-/string_decoder-1.3.0.tgz",
      "integrity": "sha512-hkRX8U1WjJFd8LsDJ2yQ/wWWxaopEsABU1XfkM8A+j0+85JAGppt16cr1Whg6KIbb4okU6Mql6BOj+uup/wKeA==",
      "requires": {
        "safe-buffer": "~5.2.0"
      }
    },
    "strip-ansi": {
      "version": "4.0.0",
      "resolved": "https://registry.npmjs.org/strip-ansi/-/strip-ansi-4.0.0.tgz",
      "integrity": "sha1-qEeQIusaw2iocTibY1JixQXuNo8=",
      "dev": true,
      "requires": {
        "ansi-regex": "^3.0.0"
      }
    },
    "supports-color": {
      "version": "7.1.0",
      "resolved": "https://registry.npmjs.org/supports-color/-/supports-color-7.1.0.tgz",
      "integrity": "sha512-oRSIpR8pxT1Wr2FquTNnGet79b3BWljqOuoW/h4oBhxJ/HUbX5nX6JSruTkvXDCFMwDPvsaTTbvMLKZWSy0R5g==",
      "dev": true,
      "requires": {
        "has-flag": "^4.0.0"
      }
    },
    "timestring": {
      "version": "6.0.0",
      "resolved": "https://registry.npmjs.org/timestring/-/timestring-6.0.0.tgz",
      "integrity": "sha512-wMctrWD2HZZLuIlchlkE2dfXJh7J2KDI9Dwl+2abPYg0mswQHfOAyQW3jJg1pY5VfttSINZuKcXoB3FGypVklA==",
      "dev": true
    },
    "tiny-lru": {
      "version": "7.0.2",
      "resolved": "https://registry.npmjs.org/tiny-lru/-/tiny-lru-7.0.2.tgz",
      "integrity": "sha512-cmc9OOwmnAJtyFBYaznKR3abypEhWecarFrvS5db6qwSgoaDUWV0JX+mdh6B9wN60Wux3+gE1vjzxkoqxFBjqw=="
    },
    "uri-js": {
      "version": "4.2.2",
      "resolved": "https://registry.npmjs.org/uri-js/-/uri-js-4.2.2.tgz",
      "integrity": "sha512-KY9Frmirql91X2Qgjry0Wd4Y+YTdrdZheS8TFwvkbLWf/G5KNJDCh6pKL5OZctEW4+0Baa5idK2ZQuELRwPznQ==",
      "requires": {
        "punycode": "^2.1.0"
      }
    },
    "util-deprecate": {
      "version": "1.0.2",
      "resolved": "https://registry.npmjs.org/util-deprecate/-/util-deprecate-1.0.2.tgz",
      "integrity": "sha1-RQ1Nyfpw3nMnYvvS1KKJgUGaDM8="
    },
    "uuid": {
      "version": "3.3.3",
      "resolved": "https://registry.npmjs.org/uuid/-/uuid-3.3.3.tgz",
      "integrity": "sha512-pW0No1RGHgzlpHJO1nsVrHKpOEIxkGg1xB+v0ZmdNH5OAeAwzAVrCnI2/6Mtx+Uys6iaylxa+D3g4j63IKKjSQ==",
      "dev": true
    },
    "uuid-parse": {
      "version": "1.1.0",
      "resolved": "https://registry.npmjs.org/uuid-parse/-/uuid-parse-1.1.0.tgz",
      "integrity": "sha512-OdmXxA8rDsQ7YpNVbKSJkNzTw2I+S5WsbMDnCtIWSQaosNAcWtFuI/YK1TjzUI6nbkgiqEyh8gWngfcv8Asd9A==",
      "dev": true
    }
  }
}
